<?xml version="1.0" encoding="utf-8"?>
<Project ToolsVersion="4.0" xmlns="http://schemas.microsoft.com/developer/msbuild/2003">
  <ItemGroup>
    <Filter Include="Source Files">
      <UniqueIdentifier>{4FC737F1-C7A5-4376-A066-2A32D752A2FF}</UniqueIdentifier>
      <Extensions>cpp;c;cc;cxx;c++;cppm;ixx;def;odl;idl;hpj;bat;asm;asmx</Extensions>
    </Filter>
    <Filter Include="Header Files">
      <UniqueIdentifier>{93995380-89BD-4b04-88EB-625FBE52EBFB}</UniqueIdentifier>
      <Extensions>h;hh;hpp;hxx;h++;hm;inl;inc;ipp;xsd</Extensions>
    </Filter>
    <Filter Include="Resource Files">
      <UniqueIdentifier>{67DA6AB6-F800-4c08-8B7A-83BB121AAD01}</UniqueIdentifier>
      <Extensions>rc;ico;cur;bmp;dlg;rc2;rct;bin;rgs;gif;jpg;jpeg;jpe;resx;tiff;tif;png;wav;mfcribbon-ms</Extensions>
    </Filter>
    <Filter Include="Source Files\structures">
      <UniqueIdentifier>{a70feffb-abd6-4269-8142-a535fdaf5eda}</UniqueIdentifier>
    </Filter>
    <Filter Include="Source Files\structures\list">
      <UniqueIdentifier>{854f6d16-7e73-417e-a776-23a1caad6936}</UniqueIdentifier>
    </Filter>
    <Filter Include="Source Files\structures\table">
      <UniqueIdentifier>{ab738831-3371-4751-bc75-61e601f57c60}</UniqueIdentifier>
    </Filter>
    <Filter Include="Source Files\structures\array">
      <UniqueIdentifier>{ba9af159-1952-4eb9-b82e-995e593a391f}</UniqueIdentifier>
    </Filter>
    <Filter Include="Source Files\structures\vector">
      <UniqueIdentifier>{b661eeca-d318-4c3c-a5ce-69e7531c7473}</UniqueIdentifier>
    </Filter>
    <Filter Include="Source Files\structures\table\sorting">
      <UniqueIdentifier>{839bc1c3-d0c1-45de-af7b-9b1c06d386d5}</UniqueIdentifier>
    </Filter>
    <Filter Include="Header Files\App">
      <UniqueIdentifier>{dd383d7f-3346-4353-81a3-203bbb0f0adc}</UniqueIdentifier>
    </Filter>
    <Filter Include="Header Files\Logic">
      <UniqueIdentifier>{a8e0d164-d96c-4726-9c69-8dd4f15b547a}</UniqueIdentifier>
    </Filter>
    <Filter Include="Header Files\Logic\Sorting">
      <UniqueIdentifier>{c470ef12-2730-4673-926a-f7b0a4681485}</UniqueIdentifier>
    </Filter>
    <Filter Include="Header Files\Logic\Sorting\Comparator">
      <UniqueIdentifier>{63950d9a-4976-46c5-943f-e4d478fae3ba}</UniqueIdentifier>
    </Filter>
    <Filter Include="Header Files\Logic\Criteria">
      <UniqueIdentifier>{a543abb4-3a95-450c-bc6e-3653b04dee72}</UniqueIdentifier>
    </Filter>
    <Filter Include="Header Files\Logic\Other">
      <UniqueIdentifier>{be1c05e6-64b3-4e24-8113-bfadabe8f34d}</UniqueIdentifier>
    </Filter>
    <Filter Include="Header Files\Logic\Tasks">
      <UniqueIdentifier>{6bbfdcd9-93cb-4fa3-83ad-98ca7d69338d}</UniqueIdentifier>
    </Filter>
    <Filter Include="Header Files\LetterCode">
      <UniqueIdentifier>{4a695e10-1dbb-4661-b559-6c0b67e062cb}</UniqueIdentifier>
    </Filter>
    <Filter Include="Header Files\Logic\Filtration">
      <UniqueIdentifier>{1a782e00-bc17-4f05-a9f9-83d6b704d376}</UniqueIdentifier>
    </Filter>
    <Filter Include="Header Files\Logic\Filtration\Filters">
      <UniqueIdentifier>{71749c1c-2a5f-4144-8d61-6f5caf3e621d}</UniqueIdentifier>
    </Filter>
  </ItemGroup>
  <ItemGroup>
    <ClInclude Include="Criterion.h">
      <Filter>Header Files\Logic\Criteria</Filter>
    </ClInclude>
    <ClInclude Include="TerritorialUnit.h">
      <Filter>Header Files\Logic\Other</Filter>
    </ClInclude>
    <ClInclude Include="AllCriteriaTU.h">
      <Filter>Header Files\Logic\Criteria</Filter>
    </ClInclude>
    <ClInclude Include="TypeTU.h">
      <Filter>Header Files\Logic\Other</Filter>
    </ClInclude>
    <ClInclude Include="structures\list\array_list.h">
      <Filter>Source Files\structures\list</Filter>
    </ClInclude>
    <ClInclude Include="structures\list\bidirectional_cyclic_linked_list.h">
      <Filter>Source Files\structures\list</Filter>
    </ClInclude>
    <ClInclude Include="structures\list\linked_list.h">
      <Filter>Source Files\structures\list</Filter>
    </ClInclude>
    <ClInclude Include="structures\list\list.h">
      <Filter>Source Files\structures\list</Filter>
    </ClInclude>
    <ClInclude Include="Reader.h">
      <Filter>Header Files\Logic\Other</Filter>
    </ClInclude>
    <ClInclude Include="structures\array\array.h">
      <Filter>Source Files\structures\array</Filter>
    </ClInclude>
    <ClInclude Include="structures\vector\vector.h">
      <Filter>Source Files\structures\vector</Filter>
    </ClInclude>
    <ClInclude Include="structures\table\binary_search_tree.h">
      <Filter>Source Files\structures\table</Filter>
    </ClInclude>
    <ClInclude Include="structures\table\hash_table.h">
      <Filter>Source Files\structures\table</Filter>
    </ClInclude>
    <ClInclude Include="structures\table\linked_table.h">
      <Filter>Source Files\structures\table</Filter>
    </ClInclude>
    <ClInclude Include="structures\table\sequence_table.h">
      <Filter>Source Files\structures\table</Filter>
    </ClInclude>
    <ClInclude Include="structures\table\sorted_sequence_table.h">
      <Filter>Source Files\structures\table</Filter>
    </ClInclude>
    <ClInclude Include="structures\table\table.h">
      <Filter>Source Files\structures\table</Filter>
    </ClInclude>
    <ClInclude Include="structures\table\treap.h">
      <Filter>Source Files\structures\table</Filter>
    </ClInclude>
    <ClInclude Include="structures\table\unsorted_sequence_table.h">
      <Filter>Source Files\structures\table</Filter>
    </ClInclude>
    <ClInclude Include="structures\ds_routines.h">
      <Filter>Source Files\structures</Filter>
    </ClInclude>
    <ClInclude Include="structures\ds_structure_types.h">
      <Filter>Source Files\structures</Filter>
    </ClInclude>
    <ClInclude Include="structures\heap_monitor.h">
      <Filter>Source Files\structures</Filter>
    </ClInclude>
    <ClInclude Include="structures\memory_routines.h">
      <Filter>Source Files\structures</Filter>
    </ClInclude>
    <ClInclude Include="structures\structure.h">
      <Filter>Source Files\structures</Filter>
    </ClInclude>
    <ClInclude Include="structures\structure_iterator.h">
      <Filter>Source Files\structures</Filter>
    </ClInclude>
    <ClInclude Include="Tasks.h">
      <Filter>Header Files\Logic\Tasks</Filter>
    </ClInclude>
    <ClInclude Include="Comparator.h">
      <Filter>Header Files\Logic\Sorting\Comparator</Filter>
    </ClInclude>
    <ClInclude Include="ComparatorTUName.h">
      <Filter>Header Files\Logic\Sorting\Comparator</Filter>
    </ClInclude>
    <ClInclude Include="ComparatorTUPopulation.h">
      <Filter>Header Files\Logic\Sorting\Comparator</Filter>
    </ClInclude>
    <ClInclude Include="ComparatorTUBuildUpRate.h">
      <Filter>Header Files\Logic\Sorting\Comparator</Filter>
    </ClInclude>
    <ClInclude Include="structures\table\sorting\heap_sort.h">
      <Filter>Source Files\structures\table\sorting</Filter>
    </ClInclude>
    <ClInclude Include="structures\table\sorting\shuffle.h">
      <Filter>Source Files\structures\table\sorting</Filter>
    </ClInclude>
    <ClInclude Include="structures\table\sorting\sort.h">
      <Filter>Source Files\structures\table\sorting</Filter>
    </ClInclude>
    <ClInclude Include="App.h">
      <Filter>Header Files\App</Filter>
    </ClInclude>
    <ClInclude Include="LetterCode.h">
      <Filter>Header Files\LetterCode</Filter>
    </ClInclude>
    <ClInclude Include="Sorter.h">
      <Filter>Header Files\Logic\Sorting</Filter>
    </ClInclude>
    <ClInclude Include="AllFilters.h">
      <Filter>Header Files\Logic\Filtration\Filters</Filter>
    </ClInclude>
    <ClInclude Include="CompositeFilter.h">
      <Filter>Header Files\Logic\Filtration\Filters</Filter>
    </ClInclude>
    <ClInclude Include="Filter.h">
      <Filter>Header Files\Logic\Filtration\Filters</Filter>
    </ClInclude>
    <ClInclude Include="FilterBase.h">
      <Filter>Header Files\Logic\Filtration\Filters</Filter>
    </ClInclude>
    <ClInclude Include="FilterInterval.h">
      <Filter>Header Files\Logic\Filtration\Filters</Filter>
    </ClInclude>
    <ClInclude Include="FilterTable.h">
      <Filter>Header Files\Logic\Filtration\Filters</Filter>
    </ClInclude>
    <ClInclude Include="FilterValue.h">
      <Filter>Header Files\Logic\Filtration\Filters</Filter>
    </ClInclude>
    <ClInclude Include="Filtration.h">
      <Filter>Header Files\Logic\Filtration</Filter>
    </ClInclude>
  </ItemGroup>
  <ItemGroup>
    <ClCompile Include="structures\vector\vector.cpp">
      <Filter>Source Files\structures\vector</Filter>
    </ClCompile>
    <ClCompile Include="structures\ds_routines.cpp">
      <Filter>Source Files\structures</Filter>
    </ClCompile>
    <ClCompile Include="structures\memory_routines.cpp">
      <Filter>Source Files\structures</Filter>
    </ClCompile>
    <ClCompile Include="structures\structure.cpp">
      <Filter>Source Files\structures</Filter>
    </ClCompile>
    <ClCompile Include="structures\table\sorting\sort.cpp">
      <Filter>Source Files\structures\table\sorting</Filter>
    </ClCompile>
    <ClCompile Include="main.cpp">
      <Filter>Header Files\App</Filter>
    </ClCompile>
  </ItemGroup>
  <ItemGroup>
    <None Include="ClassDiagram.cd" />
    <None Include="ClassDiagram1.cd" />
  </ItemGroup>
</Project>